
Microsoft Visual Studio Solution File, Format Version 12.00
Project("{FAE04EC0-301F-11D3-BF4B-00C04F79EFBC}") = "DynamicLinq", "DynamicLinq\DynamicLinq.csproj", "{71600EEB-647B-4D06-85CB-A804EED8EA2B}"
EndProject
Global
	GlobalSection(SolutionConfigurationPlatforms) = preSolution
		Debug|Any CPU = Debug|Any CPU
		Release|Any CPU = Release|Any CPU
	EndGlobalSection
	GlobalSection(ProjectConfigurationPlatforms) = postSolution
		{71600EEB-647B-4D06-85CB-A804EED8EA2B}.Debug|Any CPU.ActiveCfg = Debug|Any CPU
		{71600EEB-647B-4D06-85CB-A804EED8EA2B}.Debug|Any CPU.Build.0 = Debug|Any CPU
		{71600EEB-647B-4D06-85CB-A804EED8EA2B}.Release|Any CPU.ActiveCfg = Release|Any CPU
		{71600EEB-647B-4D06-85CB-A804EED8EA2B}.Release|Any CPU.Build.0 = Release|Any CPU
	EndGlobalSection
EndGlobal
